
Microsoft Visual Studio Solution File, Format Version 12.00
# Visual Studio Version 17
VisualStudioVersion = 17.11.35219.272
MinimumVisualStudioVersion = 10.0.40219.1
Project("{9A19103F-16F7-4668-BE54-9A1E7A4F7556}") = "CANalysis", "CANalysis\CANalysis.csproj", "{23EDC402-861C-4DF8-ABBB-DBFB51073424}"
EndProject
Project("{9A19103F-16F7-4668-BE54-9A1E7A4F7556}") = "CANalysis_CLI", "CANalysis_CLI\CANalysis_CLI.csproj", "{FA4C1334-371B-44B4-A1B7-DECEA0DF40A4}"
EndProject
Project("{9A19103F-16F7-4668-BE54-9A1E7A4F7556}") = "CANalysis Tests", "CANalysis Tests\CANalysis Tests.csproj", "{2EA44EEF-935F-4339-B863-7FAC59D0793A}"
EndProject
Project("{2150E333-8FDC-42A3-9474-1A3956D46DE8}") = "Solution Items", "Solution Items", "{7C22274E-319D-40B4-880E-ED03A6A108D2}"
	ProjectSection(SolutionItems) = preProject
		.gitignore = .gitignore
		LICENSE = LICENSE
		README.md = README.md
	EndProjectSection
EndProject
Global
	GlobalSection(SolutionConfigurationPlatforms) = preSolution
		Debug|Any CPU = Debug|Any CPU
		Release|Any CPU = Release|Any CPU
	EndGlobalSection
	GlobalSection(ProjectConfigurationPlatforms) = postSolution
		{23EDC402-861C-4DF8-ABBB-DBFB51073424}.Debug|Any CPU.ActiveCfg = Debug|Any CPU
		{23EDC402-861C-4DF8-ABBB-DBFB51073424}.Debug|Any CPU.Build.0 = Debug|Any CPU
		{23EDC402-861C-4DF8-ABBB-DBFB51073424}.Release|Any CPU.ActiveCfg = Release|Any CPU
		{23EDC402-861C-4DF8-ABBB-DBFB51073424}.Release|Any CPU.Build.0 = Release|Any CPU
		{FA4C1334-371B-44B4-A1B7-DECEA0DF40A4}.Debug|Any CPU.ActiveCfg = Debug|Any CPU
		{FA4C1334-371B-44B4-A1B7-DECEA0DF40A4}.Debug|Any CPU.Build.0 = Debug|Any CPU
		{FA4C1334-371B-44B4-A1B7-DECEA0DF40A4}.Release|Any CPU.ActiveCfg = Release|Any CPU
		{FA4C1334-371B-44B4-A1B7-DECEA0DF40A4}.Release|Any CPU.Build.0 = Release|Any CPU
		{2EA44EEF-935F-4339-B863-7FAC59D0793A}.Debug|Any CPU.ActiveCfg = Debug|Any CPU
		{2EA44EEF-935F-4339-B863-7FAC59D0793A}.Debug|Any CPU.Build.0 = Debug|Any CPU
		{2EA44EEF-935F-4339-B863-7FAC59D0793A}.Release|Any CPU.ActiveCfg = Release|Any CPU
		{2EA44EEF-935F-4339-B863-7FAC59D0793A}.Release|Any CPU.Build.0 = Release|Any CPU
	EndGlobalSection
	GlobalSection(SolutionProperties) = preSolution
		HideSolutionNode = FALSE
	EndGlobalSection
	GlobalSection(ExtensibilityGlobals) = postSolution
		SolutionGuid = {A9556907-664F-4472-B9E6-762671F9F8CE}
	EndGlobalSection
EndGlobal
